
Microsoft Visual Studio Solution File, Format Version 12.00
# Visual Studio Version 16
VisualStudioVersion = 16.0.31105.61
MinimumVisualStudioVersion = 10.0.40219.1
Project("{8BC9CEB8-8B4A-11D0-8D11-00A0C91BC942}") = "CIS1202ProgrammingAssingment15BTemplates", "CIS1202ProgrammingAssingment15BTemplates\CIS1202ProgrammingAssingment15BTemplates.vcxproj", "{00D8C9F4-E903-48BE-B13D-E2BF3764D1D0}"
EndProject
Global
	GlobalSection(SolutionConfigurationPlatforms) = preSolution
		Debug|x64 = Debug|x64
		Debug|x86 = Debug|x86
		Release|x64 = Release|x64
		Release|x86 = Release|x86
	EndGlobalSection
	GlobalSection(ProjectConfigurationPlatforms) = postSolution
		{00D8C9F4-E903-48BE-B13D-E2BF3764D1D0}.Debug|x64.ActiveCfg = Debug|x64
		{00D8C9F4-E903-48BE-B13D-E2BF3764D1D0}.Debug|x64.Build.0 = Debug|x64
		{00D8C9F4-E903-48BE-B13D-E2BF3764D1D0}.Debug|x86.ActiveCfg = Debug|Win32
		{00D8C9F4-E903-48BE-B13D-E2BF3764D1D0}.Debug|x86.Build.0 = Debug|Win32
		{00D8C9F4-E903-48BE-B13D-E2BF3764D1D0}.Release|x64.ActiveCfg = Release|x64
		{00D8C9F4-E903-48BE-B13D-E2BF3764D1D0}.Release|x64.Build.0 = Release|x64
		{00D8C9F4-E903-48BE-B13D-E2BF3764D1D0}.Release|x86.ActiveCfg = Release|Win32
		{00D8C9F4-E903-48BE-B13D-E2BF3764D1D0}.Release|x86.Build.0 = Release|Win32
	EndGlobalSection
	GlobalSection(SolutionProperties) = preSolution
		HideSolutionNode = FALSE
	EndGlobalSection
	GlobalSection(ExtensibilityGlobals) = postSolution
		SolutionGuid = {78CFB483-3C9B-412D-9BF4-F7178597E681}
	EndGlobalSection
EndGlobal
